{
  "name": "hardware",
  "version": "1.0.0",
  "lockfileVersion": 3,
  "requires": true,
  "packages": {
    "": {
      "name": "hardware",
      "version": "1.0.0",
      "license": "ISC",
      "dependencies": {
        "systeminformation": "^5.31.15"
      }
    },
    "node_modules/systeminformation": {
      "version": "5.31.15",
      "resolved": "https://registry.npmjs.org/systeminformation/-/systeminformation-5.31.15.tgz",
      "integrity": "sha512-7mqCtD28TK5dVdLAQONVa/Do/NBgMH2dxqf49nh6DIKoEWuDg6tkgGBP+dN22VEJVPZa/QqiHomhWNRn4WUNTQ==",
      "license": "MIT",
      "os": [
        "darwin",
        "linux",
        "win32",
        "freebsd",
        "openbsd",
        "netbsd",
        "sunos",
        "android"
      ],
      "bin": {
        "systeminformation": "lib/cli.js"
      },
      "engines": {
        "node": ">=8.0.0"
      },
      "funding": {
        "type": "Buy me a coffee",
        "url": "https://www.buymeacoffee.com/systeminfo"
      }
    }
  }
}
